// !$*UTF8*$!
{
	archiveVersion = 1;
	classes = {
	};
	objectVersion = 55;
	objects = {

/* Begin PBXBuildFile section */
		891AF911282184FC00BD691F /* NewTripView.swift in Sources */ = {isa = PBXBuildFile; fileRef = 891AF910282184FC00BD691F /* NewTripView.swift */; };
		891AF91328218B8400BD691F /* ImagePicker.swift in Sources */ = {isa = PBXBuildFile; fileRef = 891AF91228218B8400BD691F /* ImagePicker.swift */; };
		891AF91528218DB400BD691F /* Camera.swift in Sources */ = {isa = PBXBuildFile; fileRef = 891AF91428218DB400BD691F /* Camera.swift */; };
		892768AD282B9EC400FBAEA0 /* LocationRowView.swift in Sources */ = {isa = PBXBuildFile; fileRef = 892768AC282B9EC400FBAEA0 /* LocationRowView.swift */; };
		892768AF282BF18200FBAEA0 /* LocationSearchService.swift in Sources */ = {isa = PBXBuildFile; fileRef = 892768AE282BF18200FBAEA0 /* LocationSearchService.swift */; };
		892768B1282C255D00FBAEA0 /* LocationPicker.swift in Sources */ = {isa = PBXBuildFile; fileRef = 892768B0282C255D00FBAEA0 /* LocationPicker.swift */; };
		892768B3282C257900FBAEA0 /* LocationPickerViewModel.swift in Sources */ = {isa = PBXBuildFile; fileRef = 892768B2282C257900FBAEA0 /* LocationPickerViewModel.swift */; };
		892768B5282CF0CB00FBAEA0 /* CircleButton.swift in Sources */ = {isa = PBXBuildFile; fileRef = 892768B4282CF0CB00FBAEA0 /* CircleButton.swift */; };
		895D12B6282831750071DC98 /* LocationView.swift in Sources */ = {isa = PBXBuildFile; fileRef = 895D12B5282831750071DC98 /* LocationView.swift */; };
		895D12B82828322B0071DC98 /* ImageDeck.swift in Sources */ = {isa = PBXBuildFile; fileRef = 895D12B72828322B0071DC98 /* ImageDeck.swift */; };
		895D12BA28283ECA0071DC98 /* View-stacked.swift in Sources */ = {isa = PBXBuildFile; fileRef = 895D12B928283ECA0071DC98 /* View-stacked.swift */; };
		895D12BC282843140071DC98 /* DeckImageView.swift in Sources */ = {isa = PBXBuildFile; fileRef = 895D12BB282843140071DC98 /* DeckImageView.swift */; };
		8964BABB2821666B00922BCC /* TravelPlannerApp.swift in Sources */ = {isa = PBXBuildFile; fileRef = 8964BABA2821666B00922BCC /* TravelPlannerApp.swift */; };
		8964BABD2821666B00922BCC /* ContentView.swift in Sources */ = {isa = PBXBuildFile; fileRef = 8964BABC2821666B00922BCC /* ContentView.swift */; };
		8964BABF2821666C00922BCC /* Assets.xcassets in Resources */ = {isa = PBXBuildFile; fileRef = 8964BABE2821666C00922BCC /* Assets.xcassets */; };
		8964BAC22821666C00922BCC /* Preview Assets.xcassets in Resources */ = {isa = PBXBuildFile; fileRef = 8964BAC12821666C00922BCC /* Preview Assets.xcassets */; };
		8964BAC92821668800922BCC /* Trip.swift in Sources */ = {isa = PBXBuildFile; fileRef = 8964BAC82821668800922BCC /* Trip.swift */; };
		8964BACB2821676400922BCC /* Location.swift in Sources */ = {isa = PBXBuildFile; fileRef = 8964BACA2821676400922BCC /* Location.swift */; };
		8964BACD2821677400922BCC /* Coordinates.swift in Sources */ = {isa = PBXBuildFile; fileRef = 8964BACC2821677400922BCC /* Coordinates.swift */; };
		8964BAD128216E2600922BCC /* KeyedEncodingContainer-UIImage.swift in Sources */ = {isa = PBXBuildFile; fileRef = 8964BAD028216E2600922BCC /* KeyedEncodingContainer-UIImage.swift */; };
		8964BAD32821733F00922BCC /* FileManager-documentsDirectory.swift in Sources */ = {isa = PBXBuildFile; fileRef = 8964BAD22821733F00922BCC /* FileManager-documentsDirectory.swift */; };
		8964BAD6282173C100922BCC /* DataController.swift in Sources */ = {isa = PBXBuildFile; fileRef = 8964BAD5282173C100922BCC /* DataController.swift */; };
		899049362821A94500E2BD9F /* TripRowView.swift in Sources */ = {isa = PBXBuildFile; fileRef = 899049352821A94500E2BD9F /* TripRowView.swift */; };
		8990493C2822644B00E2BD9F /* TripView.swift in Sources */ = {isa = PBXBuildFile; fileRef = 8990493B2822644B00E2BD9F /* TripView.swift */; };
/* End PBXBuildFile section */

/* Begin PBXFileReference section */
		891AF910282184FC00BD691F /* NewTripView.swift */ = {isa = PBXFileReference; lastKnownFileType = sourcecode.swift; path = NewTripView.swift; sourceTree = "<group>"; };
		891AF91228218B8400BD691F /* ImagePicker.swift */ = {isa = PBXFileReference; lastKnownFileType = sourcecode.swift; path = ImagePicker.swift; sourceTree = "<group>"; };
		891AF91428218DB400BD691F /* Camera.swift */ = {isa = PBXFileReference; lastKnownFileType = sourcecode.swift; path = Camera.swift; sourceTree = "<group>"; };
		891AF91628218F1700BD691F /* Info.plist */ = {isa = PBXFileReference; lastKnownFileType = text.plist; path = Info.plist; sourceTree = "<group>"; };
		892768AC282B9EC400FBAEA0 /* LocationRowView.swift */ = {isa = PBXFileReference; lastKnownFileType = sourcecode.swift; path = LocationRowView.swift; sourceTree = "<group>"; };
		892768AE282BF18200FBAEA0 /* LocationSearchService.swift */ = {isa = PBXFileReference; lastKnownFileType = sourcecode.swift; path = LocationSearchService.swift; sourceTree = "<group>"; };
		892768B0282C255D00FBAEA0 /* LocationPicker.swift */ = {isa = PBXFileReference; lastKnownFileType = sourcecode.swift; path = LocationPicker.swift; sourceTree = "<group>"; };
		892768B2282C257900FBAEA0 /* LocationPickerViewModel.swift */ = {isa = PBXFileReference; lastKnownFileType = sourcecode.swift; path = LocationPickerViewModel.swift; sourceTree = "<group>"; };
		892768B4282CF0CB00FBAEA0 /* CircleButton.swift */ = {isa = PBXFileReference; lastKnownFileType = sourcecode.swift; path = CircleButton.swift; sourceTree = "<group>"; };
		895D12B5282831750071DC98 /* LocationView.swift */ = {isa = PBXFileReference; lastKnownFileType = sourcecode.swift; path = LocationView.swift; sourceTree = "<group>"; };
		895D12B72828322B0071DC98 /* ImageDeck.swift */ = {isa = PBXFileReference; lastKnownFileType = sourcecode.swift; path = ImageDeck.swift; sourceTree = "<group>"; };
		895D12B928283ECA0071DC98 /* View-stacked.swift */ = {isa = PBXFileReference; lastKnownFileType = sourcecode.swift; path = "View-stacked.swift"; sourceTree = "<group>"; };
		895D12BB282843140071DC98 /* DeckImageView.swift */ = {isa = PBXFileReference; lastKnownFileType = sourcecode.swift; path = DeckImageView.swift; sourceTree = "<group>"; };
		8964BAB72821666B00922BCC /* TravelPlanner.app */ = {isa = PBXFileReference; explicitFileType = wrapper.application; includeInIndex = 0; path = TravelPlanner.app; sourceTree = BUILT_PRODUCTS_DIR; };
		8964BABA2821666B00922BCC /* TravelPlannerApp.swift */ = {isa = PBXFileReference; lastKnownFileType = sourcecode.swift; path = TravelPlannerApp.swift; sourceTree = "<group>"; };
		8964BABC2821666B00922BCC /* ContentView.swift */ = {isa = PBXFileReference; lastKnownFileType = sourcecode.swift; path = ContentView.swift; sourceTree = "<group>"; };
		8964BABE2821666C00922BCC /* Assets.xcassets */ = {isa = PBXFileReference; lastKnownFileType = folder.assetcatalog; path = Assets.xcassets; sourceTree = "<group>"; };
		8964BAC12821666C00922BCC /* Preview Assets.xcassets */ = {isa = PBXFileReference; lastKnownFileType = folder.assetcatalog; path = "Preview Assets.xcassets"; sourceTree = "<group>"; };
		8964BAC82821668800922BCC /* Trip.swift */ = {isa = PBXFileReference; lastKnownFileType = sourcecode.swift; path = Trip.swift; sourceTree = "<group>"; };
		8964BACA2821676400922BCC /* Location.swift */ = {isa = PBXFileReference; lastKnownFileType = sourcecode.swift; path = Location.swift; sourceTree = "<group>"; };
		8964BACC2821677400922BCC /* Coordinates.swift */ = {isa = PBXFileReference; lastKnownFileType = sourcecode.swift; path = Coordinates.swift; sourceTree = "<group>"; };
		8964BAD028216E2600922BCC /* KeyedEncodingContainer-UIImage.swift */ = {isa = PBXFileReference; lastKnownFileType = sourcecode.swift; path = "KeyedEncodingContainer-UIImage.swift"; sourceTree = "<group>"; };
		8964BAD22821733F00922BCC /* FileManager-documentsDirectory.swift */ = {isa = PBXFileReference; lastKnownFileType = sourcecode.swift; path = "FileManager-documentsDirectory.swift"; sourceTree = "<group>"; };
		8964BAD5282173C100922BCC /* DataController.swift */ = {isa = PBXFileReference; lastKnownFileType = sourcecode.swift; path = DataController.swift; sourceTree = "<group>"; };
		899049352821A94500E2BD9F /* TripRowView.swift */ = {isa = PBXFileReference; lastKnownFileType = sourcecode.swift; path = TripRowView.swift; sourceTree = "<group>"; };
		8990493B2822644B00E2BD9F /* TripView.swift */ = {isa = PBXFileReference; lastKnownFileType = sourcecode.swift; path = TripView.swift; sourceTree = "<group>"; };
/* End PBXFileReference section */

/* Begin PBXFrameworksBuildPhase section */
		8964BAB42821666B00922BCC /* Frameworks */ = {
			isa = PBXFrameworksBuildPhase;
			buildActionMask = 2147483647;
			files = (
			);
			runOnlyForDeploymentPostprocessing = 0;
		};
/* End PBXFrameworksBuildPhase section */

/* Begin PBXGroup section */
		8964BAAE2821666B00922BCC = {
			isa = PBXGroup;
			children = (
				8964BAB92821666B00922BCC /* TravelPlanner */,
				8964BAB82821666B00922BCC /* Products */,
			);
			sourceTree = "<group>";
		};
		8964BAB82821666B00922BCC /* Products */ = {
			isa = PBXGroup;
			children = (
				8964BAB72821666B00922BCC /* TravelPlanner.app */,
			);
			name = Products;
			sourceTree = "<group>";
		};
		8964BAB92821666B00922BCC /* TravelPlanner */ = {
			isa = PBXGroup;
			children = (
				891AF91628218F1700BD691F /* Info.plist */,
				8964BABA2821666B00922BCC /* TravelPlannerApp.swift */,
				8964BABC2821666B00922BCC /* ContentView.swift */,
				8990493B2822644B00E2BD9F /* TripView.swift */,
				895D12B5282831750071DC98 /* LocationView.swift */,
				891AF910282184FC00BD691F /* NewTripView.swift */,
				899049352821A94500E2BD9F /* TripRowView.swift */,
				895D12B72828322B0071DC98 /* ImageDeck.swift */,
				895D12BB282843140071DC98 /* DeckImageView.swift */,
				892768AC282B9EC400FBAEA0 /* LocationRowView.swift */,
				892768B0282C255D00FBAEA0 /* LocationPicker.swift */,
				892768B2282C257900FBAEA0 /* LocationPickerViewModel.swift */,
				892768B4282CF0CB00FBAEA0 /* CircleButton.swift */,
				891AF91228218B8400BD691F /* ImagePicker.swift */,
				891AF91428218DB400BD691F /* Camera.swift */,
				8964BAD5282173C100922BCC /* DataController.swift */,
				892768AE282BF18200FBAEA0 /* LocationSearchService.swift */,
				8964BAC82821668800922BCC /* Trip.swift */,
				8964BACA2821676400922BCC /* Location.swift */,
				8964BACC2821677400922BCC /* Coordinates.swift */,
				8964BAD42821735F00922BCC /* Extensions */,
				8964BABE2821666C00922BCC /* Assets.xcassets */,
				8964BAC02821666C00922BCC /* Preview Content */,
			);
			path = TravelPlanner;
			sourceTree = "<group>";
		};
		8964BAC02821666C00922BCC /* Preview Content */ = {
			isa = PBXGroup;
			children = (
				8964BAC12821666C00922BCC /* Preview Assets.xcassets */,
			);
			path = "Preview Content";
			sourceTree = "<group>";
		};
		8964BAD42821735F00922BCC /* Extensions */ = {
			isa = PBXGroup;
			children = (
				8964BAD028216E2600922BCC /* KeyedEncodingContainer-UIImage.swift */,
				8964BAD22821733F00922BCC /* FileManager-documentsDirectory.swift */,
				895D12B928283ECA0071DC98 /* View-stacked.swift */,
			);
			path = Extensions;
			sourceTree = "<group>";
		};
/* End PBXGroup section */

/* Begin PBXNativeTarget section */
		8964BAB62821666B00922BCC /* TravelPlanner */ = {
			isa = PBXNativeTarget;
			buildConfigurationList = 8964BAC52821666C00922BCC /* Build configuration list for PBXNativeTarget "TravelPlanner" */;
			buildPhases = (
				8964BAB32821666B00922BCC /* Sources */,
				8964BAB42821666B00922BCC /* Frameworks */,
				8964BAB52821666B00922BCC /* Resources */,
			);
			buildRules = (
			);
			dependencies = (
			);
			name = TravelPlanner;
			productName = TravelPlanner;
			productReference = 8964BAB72821666B00922BCC /* TravelPlanner.app */;
			productType = "com.apple.product-type.application";
		};
/* End PBXNativeTarget section */

/* Begin PBXProject section */
		8964BAAF2821666B00922BCC /* Project object */ = {
			isa = PBXProject;
			attributes = {
				BuildIndependentTargetsInParallel = 1;
				LastSwiftUpdateCheck = 1330;
				LastUpgradeCheck = 1330;
				TargetAttributes = {
					8964BAB62821666B00922BCC = {
						CreatedOnToolsVersion = 13.3.1;
					};
				};
			};
			buildConfigurationList = 8964BAB22821666B00922BCC /* Build configuration list for PBXProject "TravelPlanner" */;
			compatibilityVersion = "Xcode 13.0";
			developmentRegion = en;
			hasScannedForEncodings = 0;
			knownRegions = (
				en,
				Base,
			);
			mainGroup = 8964BAAE2821666B00922BCC;
			productRefGroup = 8964BAB82821666B00922BCC /* Products */;
			projectDirPath = "";
			projectRoot = "";
			targets = (
				8964BAB62821666B00922BCC /* TravelPlanner */,
			);
		};
/* End PBXProject section */

/* Begin PBXResourcesBuildPhase section */
		8964BAB52821666B00922BCC /* Resources */ = {
			isa = PBXResourcesBuildPhase;
			buildActionMask = 2147483647;
			files = (
				8964BAC22821666C00922BCC /* Preview Assets.xcassets in Resources */,
				8964BABF2821666C00922BCC /* Assets.xcassets in Resources */,
			);
			runOnlyForDeploymentPostprocessing = 0;
		};
/* End PBXResourcesBuildPhase section */

/* Begin PBXSourcesBuildPhase section */
		8964BAB32821666B00922BCC /* Sources */ = {
			isa = PBXSourcesBuildPhase;
			buildActionMask = 2147483647;
			files = (
				895D12B82828322B0071DC98 /* ImageDeck.swift in Sources */,
				892768B1282C255D00FBAEA0 /* LocationPicker.swift in Sources */,
				891AF91528218DB400BD691F /* Camera.swift in Sources */,
				8964BABD2821666B00922BCC /* ContentView.swift in Sources */,
				892768B3282C257900FBAEA0 /* LocationPickerViewModel.swift in Sources */,
				8964BAC92821668800922BCC /* Trip.swift in Sources */,
				892768AD282B9EC400FBAEA0 /* LocationRowView.swift in Sources */,
				895D12BA28283ECA0071DC98 /* View-stacked.swift in Sources */,
				899049362821A94500E2BD9F /* TripRowView.swift in Sources */,
				8964BACB2821676400922BCC /* Location.swift in Sources */,
				891AF911282184FC00BD691F /* NewTripView.swift in Sources */,
				8964BABB2821666B00922BCC /* TravelPlannerApp.swift in Sources */,
				8964BAD32821733F00922BCC /* FileManager-documentsDirectory.swift in Sources */,
				8964BAD6282173C100922BCC /* DataController.swift in Sources */,
				8990493C2822644B00E2BD9F /* TripView.swift in Sources */,
				8964BACD2821677400922BCC /* Coordinates.swift in Sources */,
				895D12B6282831750071DC98 /* LocationView.swift in Sources */,
				892768B5282CF0CB00FBAEA0 /* CircleButton.swift in Sources */,
				891AF91328218B8400BD691F /* ImagePicker.swift in Sources */,
				895D12BC282843140071DC98 /* DeckImageView.swift in Sources */,
				8964BAD128216E2600922BCC /* KeyedEncodingContainer-UIImage.swift in Sources */,
				892768AF282BF18200FBAEA0 /* LocationSearchService.swift in Sources */,
			);
			runOnlyForDeploymentPostprocessing = 0;
		};
/* End PBXSourcesBuildPhase section */

/* Begin XCBuildConfiguration section */
		8964BAC32821666C00922BCC /* Debug */ = {
			isa = XCBuildConfiguration;
			buildSettings = {
				ALWAYS_SEARCH_USER_PATHS = NO;
				CLANG_ANALYZER_NONNULL = YES;
				CLANG_ANALYZER_NUMBER_OBJECT_CONVERSION = YES_AGGRESSIVE;
				CLANG_CXX_LANGUAGE_STANDARD = "gnu++17";
				CLANG_ENABLE_MODULES = YES;
				CLANG_ENABLE_OBJC_ARC = YES;
				CLANG_ENABLE_OBJC_WEAK = YES;
				CLANG_WARN_BLOCK_CAPTURE_AUTORELEASING = YES;
				CLANG_WARN_BOOL_CONVERSION = YES;
				CLANG_WARN_COMMA = YES;
				CLANG_WARN_CONSTANT_CONVERSION = YES;
				CLANG_WARN_DEPRECATED_OBJC_IMPLEMENTATIONS = YES;
				CLANG_WARN_DIRECT_OBJC_ISA_USAGE = YES_ERROR;
				CLANG_WARN_DOCUMENTATION_COMMENTS = YES;
				CLANG_WARN_EMPTY_BODY = YES;
				CLANG_WARN_ENUM_CONVERSION = YES;
				CLANG_WARN_INFINITE_RECURSION = YES;
				CLANG_WARN_INT_CONVERSION = YES;
				CLANG_WARN_NON_LITERAL_NULL_CONVERSION = YES;
				CLANG_WARN_OBJC_IMPLICIT_RETAIN_SELF = YES;
				CLANG_WARN_OBJC_LITERAL_CONVERSION = YES;
				CLANG_WARN_OBJC_ROOT_CLASS = YES_ERROR;
				CLANG_WARN_QUOTED_INCLUDE_IN_FRAMEWORK_HEADER = YES;
				CLANG_WARN_RANGE_LOOP_ANALYSIS = YES;
				CLANG_WARN_STRICT_PROTOTYPES = YES;
				CLANG_WARN_SUSPICIOUS_MOVE = YES;
				CLANG_WARN_UNGUARDED_AVAILABILITY = YES_AGGRESSIVE;
				CLANG_WARN_UNREACHABLE_CODE = YES;
				CLANG_WARN__DUPLICATE_METHOD_MATCH = YES;
				COPY_PHASE_STRIP = NO;
				DEBUG_INFORMATION_FORMAT = dwarf;
				ENABLE_STRICT_OBJC_MSGSEND = YES;
				ENABLE_TESTABILITY = YES;
				GCC_C_LANGUAGE_STANDARD = gnu11;
				GCC_DYNAMIC_NO_PIC = NO;
				GCC_NO_COMMON_BLOCKS = YES;
				GCC_OPTIMIZATION_LEVEL = 0;
				GCC_PREPROCESSOR_DEFINITIONS = (
					"DEBUG=1",
					"$(inherited)",
				);
				GCC_WARN_64_TO_32_BIT_CONVERSION = YES;
				GCC_WARN_ABOUT_RETURN_TYPE = YES_ERROR;
				GCC_WARN_UNDECLARED_SELECTOR = YES;
				GCC_WARN_UNINITIALIZED_AUTOS = YES_AGGRESSIVE;
				GCC_WARN_UNUSED_FUNCTION = YES;
				GCC_WARN_UNUSED_VARIABLE = YES;
				IPHONEOS_DEPLOYMENT_TARGET = 15.4;
				MTL_ENABLE_DEBUG_INFO = INCLUDE_SOURCE;
				MTL_FAST_MATH = YES;
				ONLY_ACTIVE_ARCH = YES;
				SDKROOT = iphoneos;
				SWIFT_ACTIVE_COMPILATION_CONDITIONS = DEBUG;
				SWIFT_OPTIMIZATION_LEVEL = "-Onone";
			};
			name = Debug;
		};
		8964BAC42821666C00922BCC /* Release */ = {
			isa = XCBuildConfiguration;
			buildSettings = {
				ALWAYS_SEARCH_USER_PATHS = NO;
				CLANG_ANALYZER_NONNULL = YES;
				CLANG_ANALYZER_NUMBER_OBJECT_CONVERSION = YES_AGGRESSIVE;
				CLANG_CXX_LANGUAGE_STANDARD = "gnu++17";
				CLANG_ENABLE_MODULES = YES;
				CLANG_ENABLE_OBJC_ARC = YES;
				CLANG_ENABLE_OBJC_WEAK = YES;
				CLANG_WARN_BLOCK_CAPTURE_AUTORELEASING = YES;
				CLANG_WARN_BOOL_CONVERSION = YES;
				CLANG_WARN_COMMA = YES;
				CLANG_WARN_CONSTANT_CONVERSION = YES;
				CLANG_WARN_DEPRECATED_OBJC_IMPLEMENTATIONS = YES;
				CLANG_WARN_DIRECT_OBJC_ISA_USAGE = YES_ERROR;
				CLANG_WARN_DOCUMENTATION_COMMENTS = YES;
				CLANG_WARN_EMPTY_BODY = YES;
				CLANG_WARN_ENUM_CONVERSION = YES;
				CLANG_WARN_INFINITE_RECURSION = YES;
				CLANG_WARN_INT_CONVERSION = YES;
				CLANG_WARN_NON_LITERAL_NULL_CONVERSION = YES;
				CLANG_WARN_OBJC_IMPLICIT_RETAIN_SELF = YES;
				CLANG_WARN_OBJC_LITERAL_CONVERSION = YES;
				CLANG_WARN_OBJC_ROOT_CLASS = YES_ERROR;
				CLANG_WARN_QUOTED_INCLUDE_IN_FRAMEWORK_HEADER = YES;
				CLANG_WARN_RANGE_LOOP_ANALYSIS = YES;
				CLANG_WARN_STRICT_PROTOTYPES = YES;
				CLANG_WARN_SUSPICIOUS_MOVE = YES;
				CLANG_WARN_UNGUARDED_AVAILABILITY = YES_AGGRESSIVE;
				CLANG_WARN_UNREACHABLE_CODE = YES;
				CLANG_WARN__DUPLICATE_METHOD_MATCH = YES;
				COPY_PHASE_STRIP = NO;
				DEBUG_INFORMATION_FORMAT = "dwarf-with-dsym";
				ENABLE_NS_ASSERTIONS = NO;
				ENABLE_STRICT_OBJC_MSGSEND = YES;
				GCC_C_LANGUAGE_STANDARD = gnu11;
				GCC_NO_COMMON_BLOCKS = YES;
				GCC_WARN_64_TO_32_BIT_CONVERSION = YES;
				GCC_WARN_ABOUT_RETURN_TYPE = YES_ERROR;
				GCC_WARN_UNDECLARED_SELECTOR = YES;
				GCC_WARN_UNINITIALIZED_AUTOS = YES_AGGRESSIVE;
				GCC_WARN_UNUSED_FUNCTION = YES;
				GCC_WARN_UNUSED_VARIABLE = YES;
				IPHONEOS_DEPLOYMENT_TARGET = 15.4;
				MTL_ENABLE_DEBUG_INFO = NO;
				MTL_FAST_MATH = YES;
				SDKROOT = iphoneos;
				SWIFT_COMPILATION_MODE = wholemodule;
				SWIFT_OPTIMIZATION_LEVEL = "-O";
				VALIDATE_PRODUCT = YES;
			};
			name = Release;
		};
		8964BAC62821666C00922BCC /* Debug */ = {
			isa = XCBuildConfiguration;
			buildSettings = {
				ASSETCATALOG_COMPILER_APPICON_NAME = AppIcon;
				ASSETCATALOG_COMPILER_GLOBAL_ACCENT_COLOR_NAME = AccentColor;
				CODE_SIGN_STYLE = Automatic;
				CURRENT_PROJECT_VERSION = 1;
				DEVELOPMENT_ASSET_PATHS = "\"TravelPlanner/Preview Content\"";
				DEVELOPMENT_TEAM = 6N3WR99Z4W;
				ENABLE_PREVIEWS = YES;
				GENERATE_INFOPLIST_FILE = YES;
				INFOPLIST_FILE = TravelPlanner/Info.plist;
				INFOPLIST_KEY_NSCameraUsageDescription = "We want to let you take photos for your itineraries.";
				INFOPLIST_KEY_UIApplicationSceneManifest_Generation = YES;
				INFOPLIST_KEY_UIApplicationSupportsIndirectInputEvents = YES;
				INFOPLIST_KEY_UILaunchScreen_Generation = YES;
				INFOPLIST_KEY_UISupportedInterfaceOrientations_iPad = "UIInterfaceOrientationPortrait UIInterfaceOrientationPortraitUpsideDown UIInterfaceOrientationLandscapeLeft UIInterfaceOrientationLandscapeRight";
				INFOPLIST_KEY_UISupportedInterfaceOrientations_iPhone = "UIInterfaceOrientationPortrait UIInterfaceOrientationLandscapeLeft UIInterfaceOrientationLandscapeRight";
				LD_RUNPATH_SEARCH_PATHS = (
					"$(inherited)",
					"@executable_path/Frameworks",
				);
				MARKETING_VERSION = 1.0;
				PRODUCT_BUNDLE_IDENTIFIER = com.alessiobrusco.TravelPlanner;
				PRODUCT_NAME = "$(TARGET_NAME)";
				SWIFT_EMIT_LOC_STRINGS = YES;
				SWIFT_VERSION = 5.0;
				TARGETED_DEVICE_FAMILY = "1,2";
			};
			name = Debug;
		};
		8964BAC72821666C00922BCC /* Release */ = {
			isa = XCBuildConfiguration;
			buildSettings = {
				ASSETCATALOG_COMPILER_APPICON_NAME = AppIcon;
				ASSETCATALOG_COMPILER_GLOBAL_ACCENT_COLOR_NAME = AccentColor;
				CODE_SIGN_STYLE = Automatic;
				CURRENT_PROJECT_VERSION = 1;
				DEVELOPMENT_ASSET_PATHS = "\"TravelPlanner/Preview Content\"";
				DEVELOPMENT_TEAM = 6N3WR99Z4W;
				ENABLE_PREVIEWS = YES;
				GENERATE_INFOPLIST_FILE = YES;
				INFOPLIST_FILE = TravelPlanner/Info.plist;
				INFOPLIST_KEY_NSCameraUsageDescription = "We want to let you take photos for your itineraries.";
				INFOPLIST_KEY_UIApplicationSceneManifest_Generation = YES;
				INFOPLIST_KEY_UIApplicationSupportsIndirectInputEvents = YES;
				INFOPLIST_KEY_UILaunchScreen_Generation = YES;
				INFOPLIST_KEY_UISupportedInterfaceOrientations_iPad = "UIInterfaceOrientationPortrait UIInterfaceOrientationPortraitUpsideDown UIInterfaceOrientationLandscapeLeft UIInterfaceOrientationLandscapeRight";
				INFOPLIST_KEY_UISupportedInterfaceOrientations_iPhone = "UIInterfaceOrientationPortrait UIInterfaceOrientationLandscapeLeft UIInterfaceOrientationLandscapeRight";
				LD_RUNPATH_SEARCH_PATHS = (
					"$(inherited)",
					"@executable_path/Frameworks",
				);
				MARKETING_VERSION = 1.0;
				PRODUCT_BUNDLE_IDENTIFIER = com.alessiobrusco.TravelPlanner;
				PRODUCT_NAME = "$(TARGET_NAME)";
				SWIFT_EMIT_LOC_STRINGS = YES;
				SWIFT_VERSION = 5.0;
				TARGETED_DEVICE_FAMILY = "1,2";
			};
			name = Release;
		};
/* End XCBuildConfiguration section */

/* Begin XCConfigurationList section */
		8964BAB22821666B00922BCC /* Build configuration list for PBXProject "TravelPlanner" */ = {
			isa = XCConfigurationList;
			buildConfigurations = (
				8964BAC32821666C00922BCC /* Debug */,
				8964BAC42821666C00922BCC /* Release */,
			);
			defaultConfigurationIsVisible = 0;
			defaultConfigurationName = Release;
		};
		8964BAC52821666C00922BCC /* Build configuration list for PBXNativeTarget "TravelPlanner" */ = {
			isa = XCConfigurationList;
			buildConfigurations = (
				8964BAC62821666C00922BCC /* Debug */,
				8964BAC72821666C00922BCC /* Release */,
			);
			defaultConfigurationIsVisible = 0;
			defaultConfigurationName = Release;
		};
/* End XCConfigurationList section */
	};
	rootObject = 8964BAAF2821666B00922BCC /* Project object */;
}
