// !$*UTF8*$!
{
	archiveVersion = 1;
	classes = {
	};
	objectVersion = 55;
	objects = {

/* Begin PBXBuildFile section */
		89180316288C0DEA00EB1613 /* LocationMapView.swift in Sources */ = {isa = PBXBuildFile; fileRef = 89180315288C0DEA00EB1613 /* LocationMapView.swift */; };
		89180318288C0E7100EB1613 /* PhotosRowView.swift in Sources */ = {isa = PBXBuildFile; fileRef = 89180317288C0E7100EB1613 /* PhotosRowView.swift */; };
		891ABB042864E839003D20A5 /* PhotoPickerLink.swift in Sources */ = {isa = PBXBuildFile; fileRef = 891ABB032864E839003D20A5 /* PhotoPickerLink.swift */; };
		891AF911282184FC00BD691F /* NewTripView.swift in Sources */ = {isa = PBXBuildFile; fileRef = 891AF910282184FC00BD691F /* NewTripView.swift */; };
		891AF91328218B8400BD691F /* PhotoPicker.swift in Sources */ = {isa = PBXBuildFile; fileRef = 891AF91228218B8400BD691F /* PhotoPicker.swift */; };
		8923EC27283F6A21000557C0 /* PhotosGridView.swift in Sources */ = {isa = PBXBuildFile; fileRef = 8923EC26283F6A21000557C0 /* PhotosGridView.swift */; };
		892768AD282B9EC400FBAEA0 /* LocationInfoView.swift in Sources */ = {isa = PBXBuildFile; fileRef = 892768AC282B9EC400FBAEA0 /* LocationInfoView.swift */; };
		892768B1282C255D00FBAEA0 /* LocationPicker.swift in Sources */ = {isa = PBXBuildFile; fileRef = 892768B0282C255D00FBAEA0 /* LocationPicker.swift */; };
		892768B3282C257900FBAEA0 /* LocationPickerViewModel.swift in Sources */ = {isa = PBXBuildFile; fileRef = 892768B2282C257900FBAEA0 /* LocationPickerViewModel.swift */; };
		892919D5288E86F9002D4E35 /* UIImage-toSRGB.swift in Sources */ = {isa = PBXBuildFile; fileRef = 892919D4288E86F9002D4E35 /* UIImage-toSRGB.swift */; };
		892A756D28468B970002DB4B /* FavouriteButton.swift in Sources */ = {isa = PBXBuildFile; fileRef = 892A756C28468B970002DB4B /* FavouriteButton.swift */; };
		892B9F29283A9B3F00235819 /* LocationRowView.swift in Sources */ = {isa = PBXBuildFile; fileRef = 892B9F28283A9B3F00235819 /* LocationRowView.swift */; };
		892B9F2D283AAFFA00235819 /* [CLLocationCoordinate2D]-centerCoordinate.swift in Sources */ = {isa = PBXBuildFile; fileRef = 892B9F2C283AAFFA00235819 /* [CLLocationCoordinate2D]-centerCoordinate.swift */; };
		892ED7182895383B0020F171 /* ClearBackground.swift in Sources */ = {isa = PBXBuildFile; fileRef = 892ED7172895383B0020F171 /* ClearBackground.swift */; };
		895D12B6282831750071DC98 /* LocationView.swift in Sources */ = {isa = PBXBuildFile; fileRef = 895D12B5282831750071DC98 /* LocationView.swift */; };
		895DC48B287DF75800E4C0B3 /* Document.swift in Sources */ = {isa = PBXBuildFile; fileRef = 895DC48A287DF75800E4C0B3 /* Document.swift */; };
		895DC48E287DFB4200E4C0B3 /* DocumentPicker.swift in Sources */ = {isa = PBXBuildFile; fileRef = 895DC48D287DFB4200E4C0B3 /* DocumentPicker.swift */; };
		895DC490287DFE5F00E4C0B3 /* DocumentPickerLink.swift in Sources */ = {isa = PBXBuildFile; fileRef = 895DC48F287DFE5F00E4C0B3 /* DocumentPickerLink.swift */; };
		895DC492287DFF5000E4C0B3 /* TestDocument.rtf in Resources */ = {isa = PBXBuildFile; fileRef = 895DC491287DFF5000E4C0B3 /* TestDocument.rtf */; };
		895DC494287DFF6C00E4C0B3 /* URL-exampleDocument.swift in Sources */ = {isa = PBXBuildFile; fileRef = 895DC493287DFF6C00E4C0B3 /* URL-exampleDocument.swift */; };
		895DC496287E014200E4C0B3 /* DocumentPreview.swift in Sources */ = {isa = PBXBuildFile; fileRef = 895DC495287E014200E4C0B3 /* DocumentPreview.swift */; };
		895DC498287E023900E4C0B3 /* DocumentThumbnail.swift in Sources */ = {isa = PBXBuildFile; fileRef = 895DC497287E023900E4C0B3 /* DocumentThumbnail.swift */; };
		895DC49A287E02F600E4C0B3 /* DocumentThumbnailGenerator.swift in Sources */ = {isa = PBXBuildFile; fileRef = 895DC499287E02F600E4C0B3 /* DocumentThumbnailGenerator.swift */; };
		895DC49C287E0D0000E4C0B3 /* DocumentView.swift in Sources */ = {isa = PBXBuildFile; fileRef = 895DC49B287E0D0000E4C0B3 /* DocumentView.swift */; };
		895DC49E287E0E8200E4C0B3 /* DocumentsRowView.swift in Sources */ = {isa = PBXBuildFile; fileRef = 895DC49D287E0E8200E4C0B3 /* DocumentsRowView.swift */; };
		8964BABB2821666B00922BCC /* TrippicApp.swift in Sources */ = {isa = PBXBuildFile; fileRef = 8964BABA2821666B00922BCC /* TrippicApp.swift */; };
		8964BABF2821666C00922BCC /* Assets.xcassets in Resources */ = {isa = PBXBuildFile; fileRef = 8964BABE2821666C00922BCC /* Assets.xcassets */; };
		8964BAC22821666C00922BCC /* Preview Assets.xcassets in Resources */ = {isa = PBXBuildFile; fileRef = 8964BAC12821666C00922BCC /* Preview Assets.xcassets */; };
		8964BAC92821668800922BCC /* Trip.swift in Sources */ = {isa = PBXBuildFile; fileRef = 8964BAC82821668800922BCC /* Trip.swift */; };
		8964BACB2821676400922BCC /* Location.swift in Sources */ = {isa = PBXBuildFile; fileRef = 8964BACA2821676400922BCC /* Location.swift */; };
		8964BACD2821677400922BCC /* Coordinates.swift in Sources */ = {isa = PBXBuildFile; fileRef = 8964BACC2821677400922BCC /* Coordinates.swift */; };
		8964BAD128216E2600922BCC /* KeyedEncodingContainer-UIImage.swift in Sources */ = {isa = PBXBuildFile; fileRef = 8964BAD028216E2600922BCC /* KeyedEncodingContainer-UIImage.swift */; };
		8964BAD32821733F00922BCC /* FileManager-documentsDirectory.swift in Sources */ = {isa = PBXBuildFile; fileRef = 8964BAD22821733F00922BCC /* FileManager-documentsDirectory.swift */; };
		8964BAD6282173C100922BCC /* DataController.swift in Sources */ = {isa = PBXBuildFile; fileRef = 8964BAD5282173C100922BCC /* DataController.swift */; };
		8965A876284353F30065ED88 /* TripsView.swift in Sources */ = {isa = PBXBuildFile; fileRef = 8965A875284353F30065ED88 /* TripsView.swift */; };
		899049362821A94500E2BD9F /* TripRowView.swift in Sources */ = {isa = PBXBuildFile; fileRef = 899049352821A94500E2BD9F /* TripRowView.swift */; };
		8990493C2822644B00E2BD9F /* TripView.swift in Sources */ = {isa = PBXBuildFile; fileRef = 8990493B2822644B00E2BD9F /* TripView.swift */; };
		8997476028880D8800E74EBB /* OutlineButtonStyle.swift in Sources */ = {isa = PBXBuildFile; fileRef = 8997475F28880D8800E74EBB /* OutlineButtonStyle.swift */; };
		899AA1B2284274670080CD11 /* PhotoPageView.swift in Sources */ = {isa = PBXBuildFile; fileRef = 899AA1B1284274670080CD11 /* PhotoPageView.swift */; };
		899AA1B8284284800080CD11 /* PhotoAsset.swift in Sources */ = {isa = PBXBuildFile; fileRef = 899AA1B7284284800080CD11 /* PhotoAsset.swift */; };
		89B0A16F28480686008CEACF /* PhotosTabView.swift in Sources */ = {isa = PBXBuildFile; fileRef = 89B0A16E28480686008CEACF /* PhotosTabView.swift */; };
		89C7CA8D283564EC008E3F72 /* UIImage-example.swift in Sources */ = {isa = PBXBuildFile; fileRef = 89C7CA8C283564EC008E3F72 /* UIImage-example.swift */; };
		89CFAC55288EA5DE007D80BF /* Date.FormatStyle-tripFormat.swift in Sources */ = {isa = PBXBuildFile; fileRef = 89CFAC54288EA5DE007D80BF /* Date.FormatStyle-tripFormat.swift */; };
		89D3D32F287D8740004C2370 /* Note.swift in Sources */ = {isa = PBXBuildFile; fileRef = 89D3D32E287D8740004C2370 /* Note.swift */; };
		89D3D331287D87EA004C2370 /* NoteItemView.swift in Sources */ = {isa = PBXBuildFile; fileRef = 89D3D330287D87EA004C2370 /* NoteItemView.swift */; };
		89D3D333287D8C2F004C2370 /* PlaceholderTextEditor.swift in Sources */ = {isa = PBXBuildFile; fileRef = 89D3D332287D8C2F004C2370 /* PlaceholderTextEditor.swift */; };
		89D3D335287D91E6004C2370 /* NotesView.swift in Sources */ = {isa = PBXBuildFile; fileRef = 89D3D334287D91E6004C2370 /* NotesView.swift */; };
		89D3D337287DA927004C2370 /* NotesRowView.swift in Sources */ = {isa = PBXBuildFile; fileRef = 89D3D336287DA927004C2370 /* NotesRowView.swift */; };
		89DCCB13283B809500030B89 /* CircleImage.swift in Sources */ = {isa = PBXBuildFile; fileRef = 89DCCB12283B809500030B89 /* CircleImage.swift */; };
		89E1627B28747695006047D3 /* TripViewModel.swift in Sources */ = {isa = PBXBuildFile; fileRef = 89E1627A28747695006047D3 /* TripViewModel.swift */; };
		89E1627D287494BA006047D3 /* PinchToZoom.swift in Sources */ = {isa = PBXBuildFile; fileRef = 89E1627C287494BA006047D3 /* PinchToZoom.swift */; };
		89F3A806288961C80056CB92 /* InfoPlist.strings in Resources */ = {isa = PBXBuildFile; fileRef = 89F3A804288961C80056CB92 /* InfoPlist.strings */; };
		89F3A809288961C80056CB92 /* Localizable.strings in Resources */ = {isa = PBXBuildFile; fileRef = 89F3A807288961C80056CB92 /* Localizable.strings */; };
		89F67AFA287CA0850095DD21 /* MKMapItem-Location.swift in Sources */ = {isa = PBXBuildFile; fileRef = 89F67AF9287CA0850095DD21 /* MKMapItem-Location.swift */; };
		89F67AFC287CA4FA0095DD21 /* PhotoItemView.swift in Sources */ = {isa = PBXBuildFile; fileRef = 89F67AFB287CA4FA0095DD21 /* PhotoItemView.swift */; };
		89F67AFE287CA8480095DD21 /* FullscreenMapView.swift in Sources */ = {isa = PBXBuildFile; fileRef = 89F67AFD287CA8480095DD21 /* FullscreenMapView.swift */; };
		89FA5FB52853E9C00083EE75 /* PhotoView.swift in Sources */ = {isa = PBXBuildFile; fileRef = 89FA5FB42853E9C00083EE75 /* PhotoView.swift */; };
		89FA5FB72853EED60083EE75 /* PhotoLibrary.swift in Sources */ = {isa = PBXBuildFile; fileRef = 89FA5FB62853EED60083EE75 /* PhotoLibrary.swift */; };
		89FF84A02853AF5F000CBD55 /* NoPressEffectButtonStyle.swift in Sources */ = {isa = PBXBuildFile; fileRef = 89FF849F2853AF5F000CBD55 /* NoPressEffectButtonStyle.swift */; };
		89FFDDC32888946600146312 /* DeleteButton.swift in Sources */ = {isa = PBXBuildFile; fileRef = 89FFDDC22888946600146312 /* DeleteButton.swift */; };
		89FFDDC528893F6D00146312 /* DeleteContextMenu.swift in Sources */ = {isa = PBXBuildFile; fileRef = 89FFDDC428893F6D00146312 /* DeleteContextMenu.swift */; };
		89FFDDC728895A8F00146312 /* InfoView.swift in Sources */ = {isa = PBXBuildFile; fileRef = 89FFDDC628895A8F00146312 /* InfoView.swift */; };
/* End PBXBuildFile section */

/* Begin PBXFileReference section */
		89180315288C0DEA00EB1613 /* LocationMapView.swift */ = {isa = PBXFileReference; lastKnownFileType = sourcecode.swift; path = LocationMapView.swift; sourceTree = "<group>"; };
		89180317288C0E7100EB1613 /* PhotosRowView.swift */ = {isa = PBXFileReference; lastKnownFileType = sourcecode.swift; path = PhotosRowView.swift; sourceTree = "<group>"; };
		891ABB032864E839003D20A5 /* PhotoPickerLink.swift */ = {isa = PBXFileReference; lastKnownFileType = sourcecode.swift; path = PhotoPickerLink.swift; sourceTree = "<group>"; };
		891AF910282184FC00BD691F /* NewTripView.swift */ = {isa = PBXFileReference; lastKnownFileType = sourcecode.swift; path = NewTripView.swift; sourceTree = "<group>"; };
		891AF91228218B8400BD691F /* PhotoPicker.swift */ = {isa = PBXFileReference; lastKnownFileType = sourcecode.swift; path = PhotoPicker.swift; sourceTree = "<group>"; };
		891AF91628218F1700BD691F /* Info.plist */ = {isa = PBXFileReference; lastKnownFileType = text.plist; path = Info.plist; sourceTree = "<group>"; };
		8923EC26283F6A21000557C0 /* PhotosGridView.swift */ = {isa = PBXFileReference; lastKnownFileType = sourcecode.swift; path = PhotosGridView.swift; sourceTree = "<group>"; };
		892768AC282B9EC400FBAEA0 /* LocationInfoView.swift */ = {isa = PBXFileReference; lastKnownFileType = sourcecode.swift; path = LocationInfoView.swift; sourceTree = "<group>"; };
		892768B0282C255D00FBAEA0 /* LocationPicker.swift */ = {isa = PBXFileReference; lastKnownFileType = sourcecode.swift; path = LocationPicker.swift; sourceTree = "<group>"; };
		892768B2282C257900FBAEA0 /* LocationPickerViewModel.swift */ = {isa = PBXFileReference; lastKnownFileType = sourcecode.swift; path = LocationPickerViewModel.swift; sourceTree = "<group>"; };
		892768B6282CF90C00FBAEA0 /* Trippic.entitlements */ = {isa = PBXFileReference; lastKnownFileType = text.plist.entitlements; path = Trippic.entitlements; sourceTree = "<group>"; };
		892919D4288E86F9002D4E35 /* UIImage-toSRGB.swift */ = {isa = PBXFileReference; lastKnownFileType = sourcecode.swift; path = "UIImage-toSRGB.swift"; sourceTree = "<group>"; };
		892A756C28468B970002DB4B /* FavouriteButton.swift */ = {isa = PBXFileReference; lastKnownFileType = sourcecode.swift; path = FavouriteButton.swift; sourceTree = "<group>"; };
		892B9F28283A9B3F00235819 /* LocationRowView.swift */ = {isa = PBXFileReference; lastKnownFileType = sourcecode.swift; path = LocationRowView.swift; sourceTree = "<group>"; };
		892B9F2C283AAFFA00235819 /* [CLLocationCoordinate2D]-centerCoordinate.swift */ = {isa = PBXFileReference; lastKnownFileType = sourcecode.swift; path = "[CLLocationCoordinate2D]-centerCoordinate.swift"; sourceTree = "<group>"; };
		892ED7172895383B0020F171 /* ClearBackground.swift */ = {isa = PBXFileReference; lastKnownFileType = sourcecode.swift; path = ClearBackground.swift; sourceTree = "<group>"; };
		895D12B5282831750071DC98 /* LocationView.swift */ = {isa = PBXFileReference; lastKnownFileType = sourcecode.swift; path = LocationView.swift; sourceTree = "<group>"; };
		895DC48A287DF75800E4C0B3 /* Document.swift */ = {isa = PBXFileReference; lastKnownFileType = sourcecode.swift; path = Document.swift; sourceTree = "<group>"; };
		895DC48D287DFB4200E4C0B3 /* DocumentPicker.swift */ = {isa = PBXFileReference; lastKnownFileType = sourcecode.swift; path = DocumentPicker.swift; sourceTree = "<group>"; };
		895DC48F287DFE5F00E4C0B3 /* DocumentPickerLink.swift */ = {isa = PBXFileReference; lastKnownFileType = sourcecode.swift; path = DocumentPickerLink.swift; sourceTree = "<group>"; };
		895DC491287DFF5000E4C0B3 /* TestDocument.rtf */ = {isa = PBXFileReference; fileEncoding = 4; lastKnownFileType = text.rtf; path = TestDocument.rtf; sourceTree = "<group>"; };
		895DC493287DFF6C00E4C0B3 /* URL-exampleDocument.swift */ = {isa = PBXFileReference; lastKnownFileType = sourcecode.swift; path = "URL-exampleDocument.swift"; sourceTree = "<group>"; };
		895DC495287E014200E4C0B3 /* DocumentPreview.swift */ = {isa = PBXFileReference; lastKnownFileType = sourcecode.swift; path = DocumentPreview.swift; sourceTree = "<group>"; };
		895DC497287E023900E4C0B3 /* DocumentThumbnail.swift */ = {isa = PBXFileReference; lastKnownFileType = sourcecode.swift; path = DocumentThumbnail.swift; sourceTree = "<group>"; };
		895DC499287E02F600E4C0B3 /* DocumentThumbnailGenerator.swift */ = {isa = PBXFileReference; lastKnownFileType = sourcecode.swift; path = DocumentThumbnailGenerator.swift; sourceTree = "<group>"; };
		895DC49B287E0D0000E4C0B3 /* DocumentView.swift */ = {isa = PBXFileReference; lastKnownFileType = sourcecode.swift; path = DocumentView.swift; sourceTree = "<group>"; };
		895DC49D287E0E8200E4C0B3 /* DocumentsRowView.swift */ = {isa = PBXFileReference; lastKnownFileType = sourcecode.swift; path = DocumentsRowView.swift; sourceTree = "<group>"; };
		8964BAB72821666B00922BCC /* Trippic.app */ = {isa = PBXFileReference; explicitFileType = wrapper.application; includeInIndex = 0; path = Trippic.app; sourceTree = BUILT_PRODUCTS_DIR; };
		8964BABA2821666B00922BCC /* TrippicApp.swift */ = {isa = PBXFileReference; lastKnownFileType = sourcecode.swift; path = TrippicApp.swift; sourceTree = "<group>"; };
		8964BABE2821666C00922BCC /* Assets.xcassets */ = {isa = PBXFileReference; lastKnownFileType = folder.assetcatalog; path = Assets.xcassets; sourceTree = "<group>"; };
		8964BAC12821666C00922BCC /* Preview Assets.xcassets */ = {isa = PBXFileReference; lastKnownFileType = folder.assetcatalog; path = "Preview Assets.xcassets"; sourceTree = "<group>"; };
		8964BAC82821668800922BCC /* Trip.swift */ = {isa = PBXFileReference; lastKnownFileType = sourcecode.swift; path = Trip.swift; sourceTree = "<group>"; };
		8964BACA2821676400922BCC /* Location.swift */ = {isa = PBXFileReference; lastKnownFileType = sourcecode.swift; path = Location.swift; sourceTree = "<group>"; };
		8964BACC2821677400922BCC /* Coordinates.swift */ = {isa = PBXFileReference; lastKnownFileType = sourcecode.swift; path = Coordinates.swift; sourceTree = "<group>"; };
		8964BAD028216E2600922BCC /* KeyedEncodingContainer-UIImage.swift */ = {isa = PBXFileReference; lastKnownFileType = sourcecode.swift; path = "KeyedEncodingContainer-UIImage.swift"; sourceTree = "<group>"; };
		8964BAD22821733F00922BCC /* FileManager-documentsDirectory.swift */ = {isa = PBXFileReference; lastKnownFileType = sourcecode.swift; path = "FileManager-documentsDirectory.swift"; sourceTree = "<group>"; };
		8964BAD5282173C100922BCC /* DataController.swift */ = {isa = PBXFileReference; lastKnownFileType = sourcecode.swift; path = DataController.swift; sourceTree = "<group>"; };
		8965A875284353F30065ED88 /* TripsView.swift */ = {isa = PBXFileReference; lastKnownFileType = sourcecode.swift; path = TripsView.swift; sourceTree = "<group>"; };
		899049352821A94500E2BD9F /* TripRowView.swift */ = {isa = PBXFileReference; lastKnownFileType = sourcecode.swift; path = TripRowView.swift; sourceTree = "<group>"; };
		8990493B2822644B00E2BD9F /* TripView.swift */ = {isa = PBXFileReference; lastKnownFileType = sourcecode.swift; path = TripView.swift; sourceTree = "<group>"; };
		8997475F28880D8800E74EBB /* OutlineButtonStyle.swift */ = {isa = PBXFileReference; lastKnownFileType = sourcecode.swift; path = OutlineButtonStyle.swift; sourceTree = "<group>"; };
		899AA1B1284274670080CD11 /* PhotoPageView.swift */ = {isa = PBXFileReference; lastKnownFileType = sourcecode.swift; path = PhotoPageView.swift; sourceTree = "<group>"; };
		899AA1B7284284800080CD11 /* PhotoAsset.swift */ = {isa = PBXFileReference; lastKnownFileType = sourcecode.swift; path = PhotoAsset.swift; sourceTree = "<group>"; };
		89B0A16E28480686008CEACF /* PhotosTabView.swift */ = {isa = PBXFileReference; lastKnownFileType = sourcecode.swift; path = PhotosTabView.swift; sourceTree = "<group>"; };
		89C7CA8C283564EC008E3F72 /* UIImage-example.swift */ = {isa = PBXFileReference; lastKnownFileType = sourcecode.swift; path = "UIImage-example.swift"; sourceTree = "<group>"; };
		89CFAC54288EA5DE007D80BF /* Date.FormatStyle-tripFormat.swift */ = {isa = PBXFileReference; lastKnownFileType = sourcecode.swift; path = "Date.FormatStyle-tripFormat.swift"; sourceTree = "<group>"; };
		89D3D32E287D8740004C2370 /* Note.swift */ = {isa = PBXFileReference; lastKnownFileType = sourcecode.swift; path = Note.swift; sourceTree = "<group>"; };
		89D3D330287D87EA004C2370 /* NoteItemView.swift */ = {isa = PBXFileReference; lastKnownFileType = sourcecode.swift; path = NoteItemView.swift; sourceTree = "<group>"; };
		89D3D332287D8C2F004C2370 /* PlaceholderTextEditor.swift */ = {isa = PBXFileReference; lastKnownFileType = sourcecode.swift; path = PlaceholderTextEditor.swift; sourceTree = "<group>"; };
		89D3D334287D91E6004C2370 /* NotesView.swift */ = {isa = PBXFileReference; lastKnownFileType = sourcecode.swift; path = NotesView.swift; sourceTree = "<group>"; };
		89D3D336287DA927004C2370 /* NotesRowView.swift */ = {isa = PBXFileReference; lastKnownFileType = sourcecode.swift; path = NotesRowView.swift; sourceTree = "<group>"; };
		89DCCB12283B809500030B89 /* CircleImage.swift */ = {isa = PBXFileReference; lastKnownFileType = sourcecode.swift; path = CircleImage.swift; sourceTree = "<group>"; };
		89E1627A28747695006047D3 /* TripViewModel.swift */ = {isa = PBXFileReference; lastKnownFileType = sourcecode.swift; path = TripViewModel.swift; sourceTree = "<group>"; };
		89E1627C287494BA006047D3 /* PinchToZoom.swift */ = {isa = PBXFileReference; lastKnownFileType = sourcecode.swift; path = PinchToZoom.swift; sourceTree = "<group>"; };
		89F3A805288961C80056CB92 /* it */ = {isa = PBXFileReference; lastKnownFileType = text.plist.strings; name = it; path = it.lproj/InfoPlist.strings; sourceTree = "<group>"; };
		89F3A808288961C80056CB92 /* it */ = {isa = PBXFileReference; lastKnownFileType = text.plist.strings; name = it; path = it.lproj/Localizable.strings; sourceTree = "<group>"; };
		89F3A80A288962420056CB92 /* en */ = {isa = PBXFileReference; lastKnownFileType = text.plist.strings; name = en; path = en.lproj/Localizable.strings; sourceTree = "<group>"; };
		89F3A80B2889624E0056CB92 /* en */ = {isa = PBXFileReference; lastKnownFileType = text.plist.strings; name = en; path = en.lproj/InfoPlist.strings; sourceTree = "<group>"; };
		89F67AF9287CA0850095DD21 /* MKMapItem-Location.swift */ = {isa = PBXFileReference; lastKnownFileType = sourcecode.swift; path = "MKMapItem-Location.swift"; sourceTree = "<group>"; };
		89F67AFB287CA4FA0095DD21 /* PhotoItemView.swift */ = {isa = PBXFileReference; lastKnownFileType = sourcecode.swift; path = PhotoItemView.swift; sourceTree = "<group>"; };
		89F67AFD287CA8480095DD21 /* FullscreenMapView.swift */ = {isa = PBXFileReference; lastKnownFileType = sourcecode.swift; path = FullscreenMapView.swift; sourceTree = "<group>"; };
		89FA5FB42853E9C00083EE75 /* PhotoView.swift */ = {isa = PBXFileReference; lastKnownFileType = sourcecode.swift; path = PhotoView.swift; sourceTree = "<group>"; };
		89FA5FB62853EED60083EE75 /* PhotoLibrary.swift */ = {isa = PBXFileReference; lastKnownFileType = sourcecode.swift; path = PhotoLibrary.swift; sourceTree = "<group>"; };
		89FF849F2853AF5F000CBD55 /* NoPressEffectButtonStyle.swift */ = {isa = PBXFileReference; lastKnownFileType = sourcecode.swift; path = NoPressEffectButtonStyle.swift; sourceTree = "<group>"; };
		89FFDDC22888946600146312 /* DeleteButton.swift */ = {isa = PBXFileReference; lastKnownFileType = sourcecode.swift; path = DeleteButton.swift; sourceTree = "<group>"; };
		89FFDDC428893F6D00146312 /* DeleteContextMenu.swift */ = {isa = PBXFileReference; lastKnownFileType = sourcecode.swift; path = DeleteContextMenu.swift; sourceTree = "<group>"; };
		89FFDDC628895A8F00146312 /* InfoView.swift */ = {isa = PBXFileReference; lastKnownFileType = sourcecode.swift; path = InfoView.swift; sourceTree = "<group>"; };
/* End PBXFileReference section */

/* Begin PBXFrameworksBuildPhase section */
		8964BAB42821666B00922BCC /* Frameworks */ = {
			isa = PBXFrameworksBuildPhase;
			buildActionMask = 2147483647;
			files = (
			);
			runOnlyForDeploymentPostprocessing = 0;
		};
/* End PBXFrameworksBuildPhase section */

/* Begin PBXGroup section */
		891C0884287F62DD00E7D0CB /* Localization */ = {
			isa = PBXGroup;
			children = (
				89F3A807288961C80056CB92 /* Localizable.strings */,
				89F3A804288961C80056CB92 /* InfoPlist.strings */,
			);
			path = Localization;
			sourceTree = "<group>";
		};
		895D780C282D002D00EE846F /* LocationPicker */ = {
			isa = PBXGroup;
			children = (
				892768B0282C255D00FBAEA0 /* LocationPicker.swift */,
				892768B2282C257900FBAEA0 /* LocationPickerViewModel.swift */,
			);
			path = LocationPicker;
			sourceTree = "<group>";
		};
		895D780D282D003500EE846F /* Components */ = {
			isa = PBXGroup;
			children = (
				89DCCB12283B809500030B89 /* CircleImage.swift */,
				892ED7172895383B0020F171 /* ClearBackground.swift */,
				892A756C28468B970002DB4B /* FavouriteButton.swift */,
				89F67AFD287CA8480095DD21 /* FullscreenMapView.swift */,
				89FF849F2853AF5F000CBD55 /* NoPressEffectButtonStyle.swift */,
				89FFDDC22888946600146312 /* DeleteButton.swift */,
				89E1627C287494BA006047D3 /* PinchToZoom.swift */,
				895D780C282D002D00EE846F /* LocationPicker */,
				89D3D332287D8C2F004C2370 /* PlaceholderTextEditor.swift */,
				89FFDDC428893F6D00146312 /* DeleteContextMenu.swift */,
				8997475F28880D8800E74EBB /* OutlineButtonStyle.swift */,
			);
			path = Components;
			sourceTree = "<group>";
		};
		895D780F282D006F00EE846F /* Activities */ = {
			isa = PBXGroup;
			children = (
				89FFDDC628895A8F00146312 /* InfoView.swift */,
				895D7810282D007500EE846F /* Trips */,
				89D3D32B287D8522004C2370 /* Locations */,
				89D3D32C287D853D004C2370 /* Photos */,
				89D3D32D287D871A004C2370 /* Notes */,
				895DC48C287DFB0600E4C0B3 /* Documents */,
			);
			path = Activities;
			sourceTree = "<group>";
		};
		895D7810282D007500EE846F /* Trips */ = {
			isa = PBXGroup;
			children = (
				8965A875284353F30065ED88 /* TripsView.swift */,
				8990493B2822644B00E2BD9F /* TripView.swift */,
				89E1627A28747695006047D3 /* TripViewModel.swift */,
				899049352821A94500E2BD9F /* TripRowView.swift */,
				891AF910282184FC00BD691F /* NewTripView.swift */,
				8964BAC82821668800922BCC /* Trip.swift */,
			);
			path = Trips;
			sourceTree = "<group>";
		};
		895DC48C287DFB0600E4C0B3 /* Documents */ = {
			isa = PBXGroup;
			children = (
				895DC49D287E0E8200E4C0B3 /* DocumentsRowView.swift */,
				895DC49B287E0D0000E4C0B3 /* DocumentView.swift */,
				895DC495287E014200E4C0B3 /* DocumentPreview.swift */,
				895DC497287E023900E4C0B3 /* DocumentThumbnail.swift */,
				895DC499287E02F600E4C0B3 /* DocumentThumbnailGenerator.swift */,
				895DC48D287DFB4200E4C0B3 /* DocumentPicker.swift */,
				895DC48F287DFE5F00E4C0B3 /* DocumentPickerLink.swift */,
				895DC48A287DF75800E4C0B3 /* Document.swift */,
			);
			path = Documents;
			sourceTree = "<group>";
		};
		8964BAAE2821666B00922BCC = {
			isa = PBXGroup;
			children = (
				8964BAB92821666B00922BCC /* Trippic */,
				8964BAB82821666B00922BCC /* Products */,
			);
			sourceTree = "<group>";
		};
		8964BAB82821666B00922BCC /* Products */ = {
			isa = PBXGroup;
			children = (
				8964BAB72821666B00922BCC /* Trippic.app */,
			);
			name = Products;
			sourceTree = "<group>";
		};
		8964BAB92821666B00922BCC /* Trippic */ = {
			isa = PBXGroup;
			children = (
				892768B6282CF90C00FBAEA0 /* Trippic.entitlements */,
				891AF91628218F1700BD691F /* Info.plist */,
				8964BABA2821666B00922BCC /* TrippicApp.swift */,
				8964BAD5282173C100922BCC /* DataController.swift */,
				895D780F282D006F00EE846F /* Activities */,
				895D780D282D003500EE846F /* Components */,
				8964BAD42821735F00922BCC /* Extensions */,
				891C0884287F62DD00E7D0CB /* Localization */,
				8964BABE2821666C00922BCC /* Assets.xcassets */,
				895DC491287DFF5000E4C0B3 /* TestDocument.rtf */,
				8964BAC02821666C00922BCC /* PreviewContent */,
			);
			path = Trippic;
			sourceTree = "<group>";
		};
		8964BAC02821666C00922BCC /* PreviewContent */ = {
			isa = PBXGroup;
			children = (
				8964BAC12821666C00922BCC /* Preview Assets.xcassets */,
			);
			path = PreviewContent;
			sourceTree = "<group>";
		};
		8964BAD42821735F00922BCC /* Extensions */ = {
			isa = PBXGroup;
			children = (
				8964BAD028216E2600922BCC /* KeyedEncodingContainer-UIImage.swift */,
				892919D4288E86F9002D4E35 /* UIImage-toSRGB.swift */,
				892B9F2C283AAFFA00235819 /* [CLLocationCoordinate2D]-centerCoordinate.swift */,
				8964BAD22821733F00922BCC /* FileManager-documentsDirectory.swift */,
				89C7CA8C283564EC008E3F72 /* UIImage-example.swift */,
				89F67AF9287CA0850095DD21 /* MKMapItem-Location.swift */,
				895DC493287DFF6C00E4C0B3 /* URL-exampleDocument.swift */,
				89CFAC54288EA5DE007D80BF /* Date.FormatStyle-tripFormat.swift */,
			);
			path = Extensions;
			sourceTree = "<group>";
		};
		89D3D32B287D8522004C2370 /* Locations */ = {
			isa = PBXGroup;
			children = (
				895D12B5282831750071DC98 /* LocationView.swift */,
				892B9F28283A9B3F00235819 /* LocationRowView.swift */,
				892768AC282B9EC400FBAEA0 /* LocationInfoView.swift */,
				89180315288C0DEA00EB1613 /* LocationMapView.swift */,
				8964BACA2821676400922BCC /* Location.swift */,
				8964BACC2821677400922BCC /* Coordinates.swift */,
			);
			path = Locations;
			sourceTree = "<group>";
		};
		89D3D32C287D853D004C2370 /* Photos */ = {
			isa = PBXGroup;
			children = (
				899AA1B1284274670080CD11 /* PhotoPageView.swift */,
				89180317288C0E7100EB1613 /* PhotosRowView.swift */,
				89F67AFB287CA4FA0095DD21 /* PhotoItemView.swift */,
				8923EC26283F6A21000557C0 /* PhotosGridView.swift */,
				89B0A16E28480686008CEACF /* PhotosTabView.swift */,
				89FA5FB42853E9C00083EE75 /* PhotoView.swift */,
				891AF91228218B8400BD691F /* PhotoPicker.swift */,
				891ABB032864E839003D20A5 /* PhotoPickerLink.swift */,
				899AA1B7284284800080CD11 /* PhotoAsset.swift */,
				89FA5FB62853EED60083EE75 /* PhotoLibrary.swift */,
			);
			path = Photos;
			sourceTree = "<group>";
		};
		89D3D32D287D871A004C2370 /* Notes */ = {
			isa = PBXGroup;
			children = (
				89D3D334287D91E6004C2370 /* NotesView.swift */,
				89D3D330287D87EA004C2370 /* NoteItemView.swift */,
				89D3D336287DA927004C2370 /* NotesRowView.swift */,
				89D3D32E287D8740004C2370 /* Note.swift */,
			);
			path = Notes;
			sourceTree = "<group>";
		};
/* End PBXGroup section */

/* Begin PBXNativeTarget section */
		8964BAB62821666B00922BCC /* Trippic */ = {
			isa = PBXNativeTarget;
			buildConfigurationList = 8964BAC52821666C00922BCC /* Build configuration list for PBXNativeTarget "Trippic" */;
			buildPhases = (
				8964BAB32821666B00922BCC /* Sources */,
				8964BAB42821666B00922BCC /* Frameworks */,
				8964BAB52821666B00922BCC /* Resources */,
			);
			buildRules = (
			);
			dependencies = (
			);
			name = Trippic;
			productName = TravelPlanner;
			productReference = 8964BAB72821666B00922BCC /* Trippic.app */;
			productType = "com.apple.product-type.application";
		};
/* End PBXNativeTarget section */

/* Begin PBXProject section */
		8964BAAF2821666B00922BCC /* Project object */ = {
			isa = PBXProject;
			attributes = {
				BuildIndependentTargetsInParallel = 1;
				LastSwiftUpdateCheck = 1330;
				LastUpgradeCheck = 1330;
				TargetAttributes = {
					8964BAB62821666B00922BCC = {
						CreatedOnToolsVersion = 13.3.1;
					};
				};
			};
			buildConfigurationList = 8964BAB22821666B00922BCC /* Build configuration list for PBXProject "Trippic" */;
			compatibilityVersion = "Xcode 13.0";
			developmentRegion = en;
			hasScannedForEncodings = 0;
			knownRegions = (
				en,
				Base,
				it,
			);
			mainGroup = 8964BAAE2821666B00922BCC;
			productRefGroup = 8964BAB82821666B00922BCC /* Products */;
			projectDirPath = "";
			projectRoot = "";
			targets = (
				8964BAB62821666B00922BCC /* Trippic */,
			);
		};
/* End PBXProject section */

/* Begin PBXResourcesBuildPhase section */
		8964BAB52821666B00922BCC /* Resources */ = {
			isa = PBXResourcesBuildPhase;
			buildActionMask = 2147483647;
			files = (
				89F3A809288961C80056CB92 /* Localizable.strings in Resources */,
				8964BAC22821666C00922BCC /* Preview Assets.xcassets in Resources */,
				89F3A806288961C80056CB92 /* InfoPlist.strings in Resources */,
				8964BABF2821666C00922BCC /* Assets.xcassets in Resources */,
				895DC492287DFF5000E4C0B3 /* TestDocument.rtf in Resources */,
			);
			runOnlyForDeploymentPostprocessing = 0;
		};
/* End PBXResourcesBuildPhase section */

/* Begin PBXSourcesBuildPhase section */
		8964BAB32821666B00922BCC /* Sources */ = {
			isa = PBXSourcesBuildPhase;
			buildActionMask = 2147483647;
			files = (
				89C7CA8D283564EC008E3F72 /* UIImage-example.swift in Sources */,
				89F67AFA287CA0850095DD21 /* MKMapItem-Location.swift in Sources */,
				895DC49E287E0E8200E4C0B3 /* DocumentsRowView.swift in Sources */,
				892B9F29283A9B3F00235819 /* LocationRowView.swift in Sources */,
				892768B1282C255D00FBAEA0 /* LocationPicker.swift in Sources */,
				895DC48B287DF75800E4C0B3 /* Document.swift in Sources */,
				89FA5FB52853E9C00083EE75 /* PhotoView.swift in Sources */,
				89D3D32F287D8740004C2370 /* Note.swift in Sources */,
				892A756D28468B970002DB4B /* FavouriteButton.swift in Sources */,
				89E1627D287494BA006047D3 /* PinchToZoom.swift in Sources */,
				89180316288C0DEA00EB1613 /* LocationMapView.swift in Sources */,
				89FA5FB72853EED60083EE75 /* PhotoLibrary.swift in Sources */,
				8923EC27283F6A21000557C0 /* PhotosGridView.swift in Sources */,
				895DC48E287DFB4200E4C0B3 /* DocumentPicker.swift in Sources */,
				892768B3282C257900FBAEA0 /* LocationPickerViewModel.swift in Sources */,
				89FFDDC528893F6D00146312 /* DeleteContextMenu.swift in Sources */,
				8964BAC92821668800922BCC /* Trip.swift in Sources */,
				89D3D335287D91E6004C2370 /* NotesView.swift in Sources */,
				895DC496287E014200E4C0B3 /* DocumentPreview.swift in Sources */,
				895DC498287E023900E4C0B3 /* DocumentThumbnail.swift in Sources */,
				8965A876284353F30065ED88 /* TripsView.swift in Sources */,
				892768AD282B9EC400FBAEA0 /* LocationInfoView.swift in Sources */,
				89D3D333287D8C2F004C2370 /* PlaceholderTextEditor.swift in Sources */,
				899049362821A94500E2BD9F /* TripRowView.swift in Sources */,
				8964BACB2821676400922BCC /* Location.swift in Sources */,
				891AF911282184FC00BD691F /* NewTripView.swift in Sources */,
				89F67AFC287CA4FA0095DD21 /* PhotoItemView.swift in Sources */,
				899AA1B8284284800080CD11 /* PhotoAsset.swift in Sources */,
				895DC490287DFE5F00E4C0B3 /* DocumentPickerLink.swift in Sources */,
				8964BABB2821666B00922BCC /* TrippicApp.swift in Sources */,
				89CFAC55288EA5DE007D80BF /* Date.FormatStyle-tripFormat.swift in Sources */,
				8964BAD32821733F00922BCC /* FileManager-documentsDirectory.swift in Sources */,
				8997476028880D8800E74EBB /* OutlineButtonStyle.swift in Sources */,
				89F67AFE287CA8480095DD21 /* FullscreenMapView.swift in Sources */,
				89DCCB13283B809500030B89 /* CircleImage.swift in Sources */,
				892ED7182895383B0020F171 /* ClearBackground.swift in Sources */,
				895DC494287DFF6C00E4C0B3 /* URL-exampleDocument.swift in Sources */,
				89D3D337287DA927004C2370 /* NotesRowView.swift in Sources */,
				8964BAD6282173C100922BCC /* DataController.swift in Sources */,
				892919D5288E86F9002D4E35 /* UIImage-toSRGB.swift in Sources */,
				891ABB042864E839003D20A5 /* PhotoPickerLink.swift in Sources */,
				8990493C2822644B00E2BD9F /* TripView.swift in Sources */,
				89D3D331287D87EA004C2370 /* NoteItemView.swift in Sources */,
				8964BACD2821677400922BCC /* Coordinates.swift in Sources */,
				895D12B6282831750071DC98 /* LocationView.swift in Sources */,
				89FFDDC32888946600146312 /* DeleteButton.swift in Sources */,
				89E1627B28747695006047D3 /* TripViewModel.swift in Sources */,
				89180318288C0E7100EB1613 /* PhotosRowView.swift in Sources */,
				89FFDDC728895A8F00146312 /* InfoView.swift in Sources */,
				895DC49A287E02F600E4C0B3 /* DocumentThumbnailGenerator.swift in Sources */,
				891AF91328218B8400BD691F /* PhotoPicker.swift in Sources */,
				8964BAD128216E2600922BCC /* KeyedEncodingContainer-UIImage.swift in Sources */,
				899AA1B2284274670080CD11 /* PhotoPageView.swift in Sources */,
				89FF84A02853AF5F000CBD55 /* NoPressEffectButtonStyle.swift in Sources */,
				892B9F2D283AAFFA00235819 /* [CLLocationCoordinate2D]-centerCoordinate.swift in Sources */,
				89B0A16F28480686008CEACF /* PhotosTabView.swift in Sources */,
				895DC49C287E0D0000E4C0B3 /* DocumentView.swift in Sources */,
			);
			runOnlyForDeploymentPostprocessing = 0;
		};
/* End PBXSourcesBuildPhase section */

/* Begin PBXVariantGroup section */
		89F3A804288961C80056CB92 /* InfoPlist.strings */ = {
			isa = PBXVariantGroup;
			children = (
				89F3A805288961C80056CB92 /* it */,
				89F3A80B2889624E0056CB92 /* en */,
			);
			name = InfoPlist.strings;
			sourceTree = "<group>";
		};
		89F3A807288961C80056CB92 /* Localizable.strings */ = {
			isa = PBXVariantGroup;
			children = (
				89F3A808288961C80056CB92 /* it */,
				89F3A80A288962420056CB92 /* en */,
			);
			name = Localizable.strings;
			sourceTree = "<group>";
		};
/* End PBXVariantGroup section */

/* Begin XCBuildConfiguration section */
		8964BAC32821666C00922BCC /* Debug */ = {
			isa = XCBuildConfiguration;
			buildSettings = {
				ALWAYS_SEARCH_USER_PATHS = NO;
				CLANG_ANALYZER_NONNULL = YES;
				CLANG_ANALYZER_NUMBER_OBJECT_CONVERSION = YES_AGGRESSIVE;
				CLANG_CXX_LANGUAGE_STANDARD = "gnu++17";
				CLANG_ENABLE_MODULES = YES;
				CLANG_ENABLE_OBJC_ARC = YES;
				CLANG_ENABLE_OBJC_WEAK = YES;
				CLANG_WARN_BLOCK_CAPTURE_AUTORELEASING = YES;
				CLANG_WARN_BOOL_CONVERSION = YES;
				CLANG_WARN_COMMA = YES;
				CLANG_WARN_CONSTANT_CONVERSION = YES;
				CLANG_WARN_DEPRECATED_OBJC_IMPLEMENTATIONS = YES;
				CLANG_WARN_DIRECT_OBJC_ISA_USAGE = YES_ERROR;
				CLANG_WARN_DOCUMENTATION_COMMENTS = YES;
				CLANG_WARN_EMPTY_BODY = YES;
				CLANG_WARN_ENUM_CONVERSION = YES;
				CLANG_WARN_INFINITE_RECURSION = YES;
				CLANG_WARN_INT_CONVERSION = YES;
				CLANG_WARN_NON_LITERAL_NULL_CONVERSION = YES;
				CLANG_WARN_OBJC_IMPLICIT_RETAIN_SELF = YES;
				CLANG_WARN_OBJC_LITERAL_CONVERSION = YES;
				CLANG_WARN_OBJC_ROOT_CLASS = YES_ERROR;
				CLANG_WARN_QUOTED_INCLUDE_IN_FRAMEWORK_HEADER = YES;
				CLANG_WARN_RANGE_LOOP_ANALYSIS = YES;
				CLANG_WARN_STRICT_PROTOTYPES = YES;
				CLANG_WARN_SUSPICIOUS_MOVE = YES;
				CLANG_WARN_UNGUARDED_AVAILABILITY = YES_AGGRESSIVE;
				CLANG_WARN_UNREACHABLE_CODE = YES;
				CLANG_WARN__DUPLICATE_METHOD_MATCH = YES;
				COPY_PHASE_STRIP = NO;
				DEBUG_INFORMATION_FORMAT = dwarf;
				ENABLE_STRICT_OBJC_MSGSEND = YES;
				ENABLE_TESTABILITY = YES;
				GCC_C_LANGUAGE_STANDARD = gnu11;
				GCC_DYNAMIC_NO_PIC = NO;
				GCC_NO_COMMON_BLOCKS = YES;
				GCC_OPTIMIZATION_LEVEL = 0;
				GCC_PREPROCESSOR_DEFINITIONS = (
					"DEBUG=1",
					"$(inherited)",
				);
				GCC_WARN_64_TO_32_BIT_CONVERSION = YES;
				GCC_WARN_ABOUT_RETURN_TYPE = YES_ERROR;
				GCC_WARN_UNDECLARED_SELECTOR = YES;
				GCC_WARN_UNINITIALIZED_AUTOS = YES_AGGRESSIVE;
				GCC_WARN_UNUSED_FUNCTION = YES;
				GCC_WARN_UNUSED_VARIABLE = YES;
				IPHONEOS_DEPLOYMENT_TARGET = 15.0;
				MTL_ENABLE_DEBUG_INFO = INCLUDE_SOURCE;
				MTL_FAST_MATH = YES;
				ONLY_ACTIVE_ARCH = YES;
				SDKROOT = iphoneos;
				SWIFT_ACTIVE_COMPILATION_CONDITIONS = DEBUG;
				SWIFT_OPTIMIZATION_LEVEL = "-Onone";
				SWIFT_STRICT_CONCURRENCY = minimal;
			};
			name = Debug;
		};
		8964BAC42821666C00922BCC /* Release */ = {
			isa = XCBuildConfiguration;
			buildSettings = {
				ALWAYS_SEARCH_USER_PATHS = NO;
				CLANG_ANALYZER_NONNULL = YES;
				CLANG_ANALYZER_NUMBER_OBJECT_CONVERSION = YES_AGGRESSIVE;
				CLANG_CXX_LANGUAGE_STANDARD = "gnu++17";
				CLANG_ENABLE_MODULES = YES;
				CLANG_ENABLE_OBJC_ARC = YES;
				CLANG_ENABLE_OBJC_WEAK = YES;
				CLANG_WARN_BLOCK_CAPTURE_AUTORELEASING = YES;
				CLANG_WARN_BOOL_CONVERSION = YES;
				CLANG_WARN_COMMA = YES;
				CLANG_WARN_CONSTANT_CONVERSION = YES;
				CLANG_WARN_DEPRECATED_OBJC_IMPLEMENTATIONS = YES;
				CLANG_WARN_DIRECT_OBJC_ISA_USAGE = YES_ERROR;
				CLANG_WARN_DOCUMENTATION_COMMENTS = YES;
				CLANG_WARN_EMPTY_BODY = YES;
				CLANG_WARN_ENUM_CONVERSION = YES;
				CLANG_WARN_INFINITE_RECURSION = YES;
				CLANG_WARN_INT_CONVERSION = YES;
				CLANG_WARN_NON_LITERAL_NULL_CONVERSION = YES;
				CLANG_WARN_OBJC_IMPLICIT_RETAIN_SELF = YES;
				CLANG_WARN_OBJC_LITERAL_CONVERSION = YES;
				CLANG_WARN_OBJC_ROOT_CLASS = YES_ERROR;
				CLANG_WARN_QUOTED_INCLUDE_IN_FRAMEWORK_HEADER = YES;
				CLANG_WARN_RANGE_LOOP_ANALYSIS = YES;
				CLANG_WARN_STRICT_PROTOTYPES = YES;
				CLANG_WARN_SUSPICIOUS_MOVE = YES;
				CLANG_WARN_UNGUARDED_AVAILABILITY = YES_AGGRESSIVE;
				CLANG_WARN_UNREACHABLE_CODE = YES;
				CLANG_WARN__DUPLICATE_METHOD_MATCH = YES;
				COPY_PHASE_STRIP = NO;
				DEBUG_INFORMATION_FORMAT = "dwarf-with-dsym";
				ENABLE_NS_ASSERTIONS = NO;
				ENABLE_STRICT_OBJC_MSGSEND = YES;
				GCC_C_LANGUAGE_STANDARD = gnu11;
				GCC_NO_COMMON_BLOCKS = YES;
				GCC_WARN_64_TO_32_BIT_CONVERSION = YES;
				GCC_WARN_ABOUT_RETURN_TYPE = YES_ERROR;
				GCC_WARN_UNDECLARED_SELECTOR = YES;
				GCC_WARN_UNINITIALIZED_AUTOS = YES_AGGRESSIVE;
				GCC_WARN_UNUSED_FUNCTION = YES;
				GCC_WARN_UNUSED_VARIABLE = YES;
				IPHONEOS_DEPLOYMENT_TARGET = 15.0;
				MTL_ENABLE_DEBUG_INFO = NO;
				MTL_FAST_MATH = YES;
				SDKROOT = iphoneos;
				SWIFT_COMPILATION_MODE = wholemodule;
				SWIFT_OPTIMIZATION_LEVEL = "-O";
				SWIFT_STRICT_CONCURRENCY = minimal;
				VALIDATE_PRODUCT = YES;
			};
			name = Release;
		};
		8964BAC62821666C00922BCC /* Debug */ = {
			isa = XCBuildConfiguration;
			buildSettings = {
				ASSETCATALOG_COMPILER_APPICON_NAME = AppIcon;
				ASSETCATALOG_COMPILER_GLOBAL_ACCENT_COLOR_NAME = AccentColor;
				CODE_SIGN_ENTITLEMENTS = Trippic/Trippic.entitlements;
				CODE_SIGN_STYLE = Automatic;
				CURRENT_PROJECT_VERSION = 1;
				DEVELOPMENT_ASSET_PATHS = Trippic/PreviewContent;
				DEVELOPMENT_TEAM = CRNS2UJVKT;
				ENABLE_PREVIEWS = YES;
				GENERATE_INFOPLIST_FILE = YES;
				INFOPLIST_FILE = Trippic/Info.plist;
				INFOPLIST_KEY_CFBundleDisplayName = Trippic;
				INFOPLIST_KEY_NSPhotoLibraryUsageDescription = "Trippic needs access to your photo library to let you describe your trips.";
				INFOPLIST_KEY_UIApplicationSceneManifest_Generation = YES;
				INFOPLIST_KEY_UIApplicationSupportsIndirectInputEvents = YES;
				INFOPLIST_KEY_UILaunchScreen_Generation = YES;
				INFOPLIST_KEY_UISupportedInterfaceOrientations = UIInterfaceOrientationPortrait;
				INFOPLIST_KEY_UISupportedInterfaceOrientations_iPad = "UIInterfaceOrientationLandscapeLeft UIInterfaceOrientationLandscapeRight UIInterfaceOrientationPortraitUpsideDown";
				IPHONEOS_DEPLOYMENT_TARGET = 15.0;
				LD_RUNPATH_SEARCH_PATHS = (
					"$(inherited)",
					"@executable_path/Frameworks",
				);
				MARKETING_VERSION = 1.0;
				PRODUCT_BUNDLE_IDENTIFIER = it.sacrocuorenapoli.Trippic;
				PRODUCT_NAME = "$(TARGET_NAME)";
				SUPPORTED_PLATFORMS = "iphoneos iphonesimulator";
				SUPPORTS_MACCATALYST = NO;
				SUPPORTS_MAC_DESIGNED_FOR_IPHONE_IPAD = YES;
				SWIFT_EMIT_LOC_STRINGS = YES;
				SWIFT_VERSION = 5.0;
				TARGETED_DEVICE_FAMILY = 1;
			};
			name = Debug;
		};
		8964BAC72821666C00922BCC /* Release */ = {
			isa = XCBuildConfiguration;
			buildSettings = {
				ASSETCATALOG_COMPILER_APPICON_NAME = AppIcon;
				ASSETCATALOG_COMPILER_GLOBAL_ACCENT_COLOR_NAME = AccentColor;
				CODE_SIGN_ENTITLEMENTS = Trippic/Trippic.entitlements;
				CODE_SIGN_STYLE = Automatic;
				CURRENT_PROJECT_VERSION = 1;
				DEVELOPMENT_ASSET_PATHS = Trippic/PreviewContent;
				DEVELOPMENT_TEAM = CRNS2UJVKT;
				ENABLE_PREVIEWS = YES;
				GENERATE_INFOPLIST_FILE = YES;
				INFOPLIST_FILE = Trippic/Info.plist;
				INFOPLIST_KEY_CFBundleDisplayName = Trippic;
				INFOPLIST_KEY_NSPhotoLibraryUsageDescription = "Trippic needs access to your photo library to let you describe your trips.";
				INFOPLIST_KEY_UIApplicationSceneManifest_Generation = YES;
				INFOPLIST_KEY_UIApplicationSupportsIndirectInputEvents = YES;
				INFOPLIST_KEY_UILaunchScreen_Generation = YES;
				INFOPLIST_KEY_UISupportedInterfaceOrientations = UIInterfaceOrientationPortrait;
				INFOPLIST_KEY_UISupportedInterfaceOrientations_iPad = "UIInterfaceOrientationLandscapeLeft UIInterfaceOrientationLandscapeRight UIInterfaceOrientationPortraitUpsideDown";
				IPHONEOS_DEPLOYMENT_TARGET = 15.0;
				LD_RUNPATH_SEARCH_PATHS = (
					"$(inherited)",
					"@executable_path/Frameworks",
				);
				MARKETING_VERSION = 1.0;
				PRODUCT_BUNDLE_IDENTIFIER = it.sacrocuorenapoli.Trippic;
				PRODUCT_NAME = "$(TARGET_NAME)";
				SUPPORTED_PLATFORMS = "iphoneos iphonesimulator";
				SUPPORTS_MACCATALYST = NO;
				SUPPORTS_MAC_DESIGNED_FOR_IPHONE_IPAD = YES;
				SWIFT_EMIT_LOC_STRINGS = YES;
				SWIFT_VERSION = 5.0;
				TARGETED_DEVICE_FAMILY = 1;
			};
			name = Release;
		};
/* End XCBuildConfiguration section */

/* Begin XCConfigurationList section */
		8964BAB22821666B00922BCC /* Build configuration list for PBXProject "Trippic" */ = {
			isa = XCConfigurationList;
			buildConfigurations = (
				8964BAC32821666C00922BCC /* Debug */,
				8964BAC42821666C00922BCC /* Release */,
			);
			defaultConfigurationIsVisible = 0;
			defaultConfigurationName = Release;
		};
		8964BAC52821666C00922BCC /* Build configuration list for PBXNativeTarget "Trippic" */ = {
			isa = XCConfigurationList;
			buildConfigurations = (
				8964BAC62821666C00922BCC /* Debug */,
				8964BAC72821666C00922BCC /* Release */,
			);
			defaultConfigurationIsVisible = 0;
			defaultConfigurationName = Release;
		};
/* End XCConfigurationList section */
	};
	rootObject = 8964BAAF2821666B00922BCC /* Project object */;
}
